
Microsoft Visual Studio Solution File, Format Version 12.00
# Visual Studio 15
VisualStudioVersion = 15.0.28307.1022
MinimumVisualStudioVersion = 10.0.40219.1
Project("{9A19103F-16F7-4668-BE54-9A1E7A4F7556}") = "SkyNetLib", "CopyNinja\SkyNetLib.csproj", "{2982CC5C-3122-43FD-A708-F88B1B3B1755}"
EndProject
Project("{9A19103F-16F7-4668-BE54-9A1E7A4F7556}") = "UnitTestProject1", "UnitTestProject1\UnitTestProject1.csproj", "{7E693EEF-F7A5-45DD-AD2E-9D31BA5A0245}"
EndProject
Project("{FAE04EC0-301F-11D3-BF4B-00C04F79EFBC}") = "CopyNinjaLib", "CopyNinjaLib\CopyNinjaLib.csproj", "{879B3E07-D82B-42B8-A9AF-FADA4D1FDD38}"
EndProject
Global
	GlobalSection(SolutionConfigurationPlatforms) = preSolution
		Debug|Any CPU = Debug|Any CPU
		Release|Any CPU = Release|Any CPU
	EndGlobalSection
	GlobalSection(ProjectConfigurationPlatforms) = postSolution
		{2982CC5C-3122-43FD-A708-F88B1B3B1755}.Debug|Any CPU.ActiveCfg = Debug|Any CPU
		{2982CC5C-3122-43FD-A708-F88B1B3B1755}.Debug|Any CPU.Build.0 = Debug|Any CPU
		{2982CC5C-3122-43FD-A708-F88B1B3B1755}.Release|Any CPU.ActiveCfg = Release|Any CPU
		{2982CC5C-3122-43FD-A708-F88B1B3B1755}.Release|Any CPU.Build.0 = Release|Any CPU
		{7E693EEF-F7A5-45DD-AD2E-9D31BA5A0245}.Debug|Any CPU.ActiveCfg = Debug|Any CPU
		{7E693EEF-F7A5-45DD-AD2E-9D31BA5A0245}.Debug|Any CPU.Build.0 = Debug|Any CPU
		{7E693EEF-F7A5-45DD-AD2E-9D31BA5A0245}.Release|Any CPU.ActiveCfg = Release|Any CPU
		{7E693EEF-F7A5-45DD-AD2E-9D31BA5A0245}.Release|Any CPU.Build.0 = Release|Any CPU
		{879B3E07-D82B-42B8-A9AF-FADA4D1FDD38}.Debug|Any CPU.ActiveCfg = Debug|Any CPU
		{879B3E07-D82B-42B8-A9AF-FADA4D1FDD38}.Debug|Any CPU.Build.0 = Debug|Any CPU
		{879B3E07-D82B-42B8-A9AF-FADA4D1FDD38}.Release|Any CPU.ActiveCfg = Release|Any CPU
		{879B3E07-D82B-42B8-A9AF-FADA4D1FDD38}.Release|Any CPU.Build.0 = Release|Any CPU
	EndGlobalSection
	GlobalSection(SolutionProperties) = preSolution
		HideSolutionNode = FALSE
	EndGlobalSection
	GlobalSection(ExtensibilityGlobals) = postSolution
		SolutionGuid = {48BF0354-EC51-4052-AD83-06A9DFF95B18}
	EndGlobalSection
EndGlobal
